// !$*UTF8*$!
{
	archiveVersion = 1;
	classes = {
	};
	objectVersion = 50;
	objects = {

/* Begin PBXBuildFile section */
		849149EE2204D56100DF9DDA /* AppDelegate.swift in Sources */ = {isa = PBXBuildFile; fileRef = 849149ED2204D56100DF9DDA /* AppDelegate.swift */; };
		849149F02204D56100DF9DDA /* FirstViewController.swift in Sources */ = {isa = PBXBuildFile; fileRef = 849149EF2204D56100DF9DDA /* FirstViewController.swift */; };
		849149F22204D56100DF9DDA /* SecondViewController.swift in Sources */ = {isa = PBXBuildFile; fileRef = 849149F12204D56100DF9DDA /* SecondViewController.swift */; };
		849149F52204D56100DF9DDA /* Main.storyboard in Resources */ = {isa = PBXBuildFile; fileRef = 849149F32204D56100DF9DDA /* Main.storyboard */; };
		849149F72204D56200DF9DDA /* Assets.xcassets in Resources */ = {isa = PBXBuildFile; fileRef = 849149F62204D56200DF9DDA /* Assets.xcassets */; };
		849149FA2204D56200DF9DDA /* LaunchScreen.storyboard in Resources */ = {isa = PBXBuildFile; fileRef = 849149F82204D56200DF9DDA /* LaunchScreen.storyboard */; };
		84914A022204D7C000DF9DDA /* ThirdViewController.swift in Sources */ = {isa = PBXBuildFile; fileRef = 84914A012204D7C000DF9DDA /* ThirdViewController.swift */; };
/* End PBXBuildFile section */

/* Begin PBXFileReference section */
		849149EA2204D56100DF9DDA /* DownSyndrome.app */ = {isa = PBXFileReference; explicitFileType = wrapper.application; includeInIndex = 0; path = DownSyndrome.app; sourceTree = BUILT_PRODUCTS_DIR; };
		849149ED2204D56100DF9DDA /* AppDelegate.swift */ = {isa = PBXFileReference; lastKnownFileType = sourcecode.swift; path = AppDelegate.swift; sourceTree = "<group>"; };
		849149EF2204D56100DF9DDA /* FirstViewController.swift */ = {isa = PBXFileReference; lastKnownFileType = sourcecode.swift; path = FirstViewController.swift; sourceTree = "<group>"; };
		849149F12204D56100DF9DDA /* SecondViewController.swift */ = {isa = PBXFileReference; lastKnownFileType = sourcecode.swift; path = SecondViewController.swift; sourceTree = "<group>"; };
		849149F42204D56100DF9DDA /* Base */ = {isa = PBXFileReference; lastKnownFileType = file.storyboard; name = Base; path = Base.lproj/Main.storyboard; sourceTree = "<group>"; };
		849149F62204D56200DF9DDA /* Assets.xcassets */ = {isa = PBXFileReference; lastKnownFileType = folder.assetcatalog; path = Assets.xcassets; sourceTree = "<group>"; };
		849149F92204D56200DF9DDA /* Base */ = {isa = PBXFileReference; lastKnownFileType = file.storyboard; name = Base; path = Base.lproj/LaunchScreen.storyboard; sourceTree = "<group>"; };
		849149FB2204D56200DF9DDA /* Info.plist */ = {isa = PBXFileReference; lastKnownFileType = text.plist.xml; path = Info.plist; sourceTree = "<group>"; };
		84914A012204D7C000DF9DDA /* ThirdViewController.swift */ = {isa = PBXFileReference; lastKnownFileType = sourcecode.swift; path = ThirdViewController.swift; sourceTree = "<group>"; };
/* End PBXFileReference section */

/* Begin PBXFrameworksBuildPhase section */
		849149E72204D56100DF9DDA /* Frameworks */ = {
			isa = PBXFrameworksBuildPhase;
			buildActionMask = 2147483647;
			files = (
			);
			runOnlyForDeploymentPostprocessing = 0;
		};
/* End PBXFrameworksBuildPhase section */

/* Begin PBXGroup section */
		849149E12204D56100DF9DDA = {
			isa = PBXGroup;
			children = (
				849149EC2204D56100DF9DDA /* DownSyndrome */,
				849149EB2204D56100DF9DDA /* Products */,
			);
			sourceTree = "<group>";
		};
		849149EB2204D56100DF9DDA /* Products */ = {
			isa = PBXGroup;
			children = (
				849149EA2204D56100DF9DDA /* DownSyndrome.app */,
			);
			name = Products;
			sourceTree = "<group>";
		};
		849149EC2204D56100DF9DDA /* DownSyndrome */ = {
			isa = PBXGroup;
			children = (
				849149ED2204D56100DF9DDA /* AppDelegate.swift */,
				849149EF2204D56100DF9DDA /* FirstViewController.swift */,
				849149F12204D56100DF9DDA /* SecondViewController.swift */,
				84914A012204D7C000DF9DDA /* ThirdViewController.swift */,
				849149F32204D56100DF9DDA /* Main.storyboard */,
				849149F62204D56200DF9DDA /* Assets.xcassets */,
				849149F82204D56200DF9DDA /* LaunchScreen.storyboard */,
				849149FB2204D56200DF9DDA /* Info.plist */,
			);
			path = DownSyndrome;
			sourceTree = "<group>";
		};
/* End PBXGroup section */

/* Begin PBXNativeTarget section */
		849149E92204D56100DF9DDA /* DownSyndrome */ = {
			isa = PBXNativeTarget;
			buildConfigurationList = 849149FE2204D56200DF9DDA /* Build configuration list for PBXNativeTarget "DownSyndrome" */;
			buildPhases = (
				849149E62204D56100DF9DDA /* Sources */,
				849149E72204D56100DF9DDA /* Frameworks */,
				849149E82204D56100DF9DDA /* Resources */,
			);
			buildRules = (
			);
			dependencies = (
			);
			name = DownSyndrome;
			productName = DownSyndrome;
			productReference = 849149EA2204D56100DF9DDA /* DownSyndrome.app */;
			productType = "com.apple.product-type.application";
		};
/* End PBXNativeTarget section */

/* Begin PBXProject section */
		849149E22204D56100DF9DDA /* Project object */ = {
			isa = PBXProject;
			attributes = {
				LastSwiftUpdateCheck = 0940;
				LastUpgradeCheck = 0940;
				ORGANIZATIONNAME = "Sierra King";
				TargetAttributes = {
					849149E92204D56100DF9DDA = {
						CreatedOnToolsVersion = 9.4.1;
					};
				};
			};
			buildConfigurationList = 849149E52204D56100DF9DDA /* Build configuration list for PBXProject "DownSyndrome" */;
			compatibilityVersion = "Xcode 9.3";
			developmentRegion = en;
			hasScannedForEncodings = 0;
			knownRegions = (
				en,
				Base,
			);
			mainGroup = 849149E12204D56100DF9DDA;
			productRefGroup = 849149EB2204D56100DF9DDA /* Products */;
			projectDirPath = "";
			projectRoot = "";
			targets = (
				849149E92204D56100DF9DDA /* DownSyndrome */,
			);
		};
/* End PBXProject section */

/* Begin PBXResourcesBuildPhase section */
		849149E82204D56100DF9DDA /* Resources */ = {
			isa = PBXResourcesBuildPhase;
			buildActionMask = 2147483647;
			files = (
				849149FA2204D56200DF9DDA /* LaunchScreen.storyboard in Resources */,
				849149F72204D56200DF9DDA /* Assets.xcassets in Resources */,
				849149F52204D56100DF9DDA /* Main.storyboard in Resources */,
			);
			runOnlyForDeploymentPostprocessing = 0;
		};
/* End PBXResourcesBuildPhase section */

/* Begin PBXSourcesBuildPhase section */
		849149E62204D56100DF9DDA /* Sources */ = {
			isa = PBXSourcesBuildPhase;
			buildActionMask = 2147483647;
			files = (
				849149F22204D56100DF9DDA /* SecondViewController.swift in Sources */,
				849149EE2204D56100DF9DDA /* AppDelegate.swift in Sources */,
				84914A022204D7C000DF9DDA /* ThirdViewController.swift in Sources */,
				849149F02204D56100DF9DDA /* FirstViewController.swift in Sources */,
			);
			runOnlyForDeploymentPostprocessing = 0;
		};
/* End PBXSourcesBuildPhase section */

/* Begin PBXVariantGroup section */
		849149F32204D56100DF9DDA /* Main.storyboard */ = {
			isa = PBXVariantGroup;
			children = (
				849149F42204D56100DF9DDA /* Base */,
			);
			name = Main.storyboard;
			sourceTree = "<group>";
		};
		849149F82204D56200DF9DDA /* LaunchScreen.storyboard */ = {
			isa = PBXVariantGroup;
			children = (
				849149F92204D56200DF9DDA /* Base */,
			);
			name = LaunchScreen.storyboard;
			sourceTree = "<group>";
		};
/* End PBXVariantGroup section */

/* Begin XCBuildConfiguration section */
		849149FC2204D56200DF9DDA /* Debug */ = {
			isa = XCBuildConfiguration;
			buildSettings = {
				ALWAYS_SEARCH_USER_PATHS = NO;
				CLANG_ANALYZER_NONNULL = YES;
				CLANG_ANALYZER_NUMBER_OBJECT_CONVERSION = YES_AGGRESSIVE;
				CLANG_CXX_LANGUAGE_STANDARD = "gnu++14";
				CLANG_CXX_LIBRARY = "libc++";
				CLANG_ENABLE_MODULES = YES;
				CLANG_ENABLE_OBJC_ARC = YES;
				CLANG_ENABLE_OBJC_WEAK = YES;
				CLANG_WARN_BLOCK_CAPTURE_AUTORELEASING = YES;
				CLANG_WARN_BOOL_CONVERSION = YES;
				CLANG_WARN_COMMA = YES;
				CLANG_WARN_CONSTANT_CONVERSION = YES;
				CLANG_WARN_DEPRECATED_OBJC_IMPLEMENTATIONS = YES;
				CLANG_WARN_DIRECT_OBJC_ISA_USAGE = YES_ERROR;
				CLANG_WARN_DOCUMENTATION_COMMENTS = YES;
				CLANG_WARN_EMPTY_BODY = YES;
				CLANG_WARN_ENUM_CONVERSION = YES;
				CLANG_WARN_INFINITE_RECURSION = YES;
				CLANG_WARN_INT_CONVERSION = YES;
				CLANG_WARN_NON_LITERAL_NULL_CONVERSION = YES;
				CLANG_WARN_OBJC_IMPLICIT_RETAIN_SELF = YES;
				CLANG_WARN_OBJC_LITERAL_CONVERSION = YES;
				CLANG_WARN_OBJC_ROOT_CLASS = YES_ERROR;
				CLANG_WARN_RANGE_LOOP_ANALYSIS = YES;
				CLANG_WARN_STRICT_PROTOTYPES = YES;
				CLANG_WARN_SUSPICIOUS_MOVE = YES;
				CLANG_WARN_UNGUARDED_AVAILABILITY = YES_AGGRESSIVE;
				CLANG_WARN_UNREACHABLE_CODE = YES;
				CLANG_WARN__DUPLICATE_METHOD_MATCH = YES;
				CODE_SIGN_IDENTITY = "iPhone Developer";
				COPY_PHASE_STRIP = NO;
				DEBUG_INFORMATION_FORMAT = dwarf;
				ENABLE_STRICT_OBJC_MSGSEND = YES;
				ENABLE_TESTABILITY = YES;
				GCC_C_LANGUAGE_STANDARD = gnu11;
				GCC_DYNAMIC_NO_PIC = NO;
				GCC_NO_COMMON_BLOCKS = YES;
				GCC_OPTIMIZATION_LEVEL = 0;
				GCC_PREPROCESSOR_DEFINITIONS = (
					"DEBUG=1",
					"$(inherited)",
				);
				GCC_WARN_64_TO_32_BIT_CONVERSION = YES;
				GCC_WARN_ABOUT_RETURN_TYPE = YES_ERROR;
				GCC_WARN_UNDECLARED_SELECTOR = YES;
				GCC_WARN_UNINITIALIZED_AUTOS = YES_AGGRESSIVE;
				GCC_WARN_UNUSED_FUNCTION = YES;
				GCC_WARN_UNUSED_VARIABLE = YES;
				IPHONEOS_DEPLOYMENT_TARGET = 11.4;
				MTL_ENABLE_DEBUG_INFO = YES;
				ONLY_ACTIVE_ARCH = YES;
				SDKROOT = iphoneos;
				SWIFT_ACTIVE_COMPILATION_CONDITIONS = DEBUG;
				SWIFT_OPTIMIZATION_LEVEL = "-Onone";
			};
			name = Debug;
		};
		849149FD2204D56200DF9DDA /* Release */ = {
			isa = XCBuildConfiguration;
			buildSettings = {
				ALWAYS_SEARCH_USER_PATHS = NO;
				CLANG_ANALYZER_NONNULL = YES;
				CLANG_ANALYZER_NUMBER_OBJECT_CONVERSION = YES_AGGRESSIVE;
				CLANG_CXX_LANGUAGE_STANDARD = "gnu++14";
				CLANG_CXX_LIBRARY = "libc++";
				CLANG_ENABLE_MODULES = YES;
				CLANG_ENABLE_OBJC_ARC = YES;
				CLANG_ENABLE_OBJC_WEAK = YES;
				CLANG_WARN_BLOCK_CAPTURE_AUTORELEASING = YES;
				CLANG_WARN_BOOL_CONVERSION = YES;
				CLANG_WARN_COMMA = YES;
				CLANG_WARN_CONSTANT_CONVERSION = YES;
				CLANG_WARN_DEPRECATED_OBJC_IMPLEMENTATIONS = YES;
				CLANG_WARN_DIRECT_OBJC_ISA_USAGE = YES_ERROR;
				CLANG_WARN_DOCUMENTATION_COMMENTS = YES;
				CLANG_WARN_EMPTY_BODY = YES;
				CLANG_WARN_ENUM_CONVERSION = YES;
				CLANG_WARN_INFINITE_RECURSION = YES;
				CLANG_WARN_INT_CONVERSION = YES;
				CLANG_WARN_NON_LITERAL_NULL_CONVERSION = YES;
				CLANG_WARN_OBJC_IMPLICIT_RETAIN_SELF = YES;
				CLANG_WARN_OBJC_LITERAL_CONVERSION = YES;
				CLANG_WARN_OBJC_ROOT_CLASS = YES_ERROR;
				CLANG_WARN_RANGE_LOOP_ANALYSIS = YES;
				CLANG_WARN_STRICT_PROTOTYPES = YES;
				CLANG_WARN_SUSPICIOUS_MOVE = YES;
				CLANG_WARN_UNGUARDED_AVAILABILITY = YES_AGGRESSIVE;
				CLANG_WARN_UNREACHABLE_CODE = YES;
				CLANG_WARN__DUPLICATE_METHOD_MATCH = YES;
				CODE_SIGN_IDENTITY = "iPhone Developer";
				COPY_PHASE_STRIP = NO;
				DEBUG_INFORMATION_FORMAT = "dwarf-with-dsym";
				ENABLE_NS_ASSERTIONS = NO;
				ENABLE_STRICT_OBJC_MSGSEND = YES;
				GCC_C_LANGUAGE_STANDARD = gnu11;
				GCC_NO_COMMON_BLOCKS = YES;
				GCC_WARN_64_TO_32_BIT_CONVERSION = YES;
				GCC_WARN_ABOUT_RETURN_TYPE = YES_ERROR;
				GCC_WARN_UNDECLARED_SELECTOR = YES;
				GCC_WARN_UNINITIALIZED_AUTOS = YES_AGGRESSIVE;
				GCC_WARN_UNUSED_FUNCTION = YES;
				GCC_WARN_UNUSED_VARIABLE = YES;
				IPHONEOS_DEPLOYMENT_TARGET = 11.4;
				MTL_ENABLE_DEBUG_INFO = NO;
				SDKROOT = iphoneos;
				SWIFT_COMPILATION_MODE = wholemodule;
				SWIFT_OPTIMIZATION_LEVEL = "-O";
				VALIDATE_PRODUCT = YES;
			};
			name = Release;
		};
		849149FF2204D56200DF9DDA /* Debug */ = {
			isa = XCBuildConfiguration;
			buildSettings = {
				ASSETCATALOG_COMPILER_APPICON_NAME = AppIcon;
				CODE_SIGN_STYLE = Automatic;
				INFOPLIST_FILE = DownSyndrome/Info.plist;
				LD_RUNPATH_SEARCH_PATHS = (
					"$(inherited)",
					"@executable_path/Frameworks",
				);
				PRODUCT_BUNDLE_IDENTIFIER = "Sierra-King.DownSyndrome";
				PRODUCT_NAME = "$(TARGET_NAME)";
				SWIFT_VERSION = 4.0;
				TARGETED_DEVICE_FAMILY = "1,2";
			};
			name = Debug;
		};
		84914A002204D56200DF9DDA /* Release */ = {
			isa = XCBuildConfiguration;
			buildSettings = {
				ASSETCATALOG_COMPILER_APPICON_NAME = AppIcon;
				CODE_SIGN_STYLE = Automatic;
				INFOPLIST_FILE = DownSyndrome/Info.plist;
				LD_RUNPATH_SEARCH_PATHS = (
					"$(inherited)",
					"@executable_path/Frameworks",
				);
				PRODUCT_BUNDLE_IDENTIFIER = "Sierra-King.DownSyndrome";
				PRODUCT_NAME = "$(TARGET_NAME)";
				SWIFT_VERSION = 4.0;
				TARGETED_DEVICE_FAMILY = "1,2";
			};
			name = Release;
		};
/* End XCBuildConfiguration section */

/* Begin XCConfigurationList section */
		849149E52204D56100DF9DDA /* Build configuration list for PBXProject "DownSyndrome" */ = {
			isa = XCConfigurationList;
			buildConfigurations = (
				849149FC2204D56200DF9DDA /* Debug */,
				849149FD2204D56200DF9DDA /* Release */,
			);
			defaultConfigurationIsVisible = 0;
			defaultConfigurationName = Release;
		};
		849149FE2204D56200DF9DDA /* Build configuration list for PBXNativeTarget "DownSyndrome" */ = {
			isa = XCConfigurationList;
			buildConfigurations = (
				849149FF2204D56200DF9DDA /* Debug */,
				84914A002204D56200DF9DDA /* Release */,
			);
			defaultConfigurationIsVisible = 0;
			defaultConfigurationName = Release;
		};
/* End XCConfigurationList section */
	};
	rootObject = 849149E22204D56100DF9DDA /* Project object */;
}
