// !$*UTF8*$!
{
	archiveVersion = 1;
	classes = {
	};
	objectVersion = 50;
	objects = {

/* Begin PBXBuildFile section */
		32BAF9402225DA7800A947BD /* AppDelegate.swift in Sources */ = {isa = PBXBuildFile; fileRef = 32BAF93F2225DA7800A947BD /* AppDelegate.swift */; };
		32BAF9422225DA7800A947BD /* ViewController.swift in Sources */ = {isa = PBXBuildFile; fileRef = 32BAF9412225DA7800A947BD /* ViewController.swift */; };
		32BAF9452225DA7800A947BD /* Main.storyboard in Resources */ = {isa = PBXBuildFile; fileRef = 32BAF9432225DA7800A947BD /* Main.storyboard */; };
		32BAF9472225DA7900A947BD /* Assets.xcassets in Resources */ = {isa = PBXBuildFile; fileRef = 32BAF9462225DA7900A947BD /* Assets.xcassets */; };
		32BAF94A2225DA7900A947BD /* LaunchScreen.storyboard in Resources */ = {isa = PBXBuildFile; fileRef = 32BAF9482225DA7900A947BD /* LaunchScreen.storyboard */; };
		841CFC6222544756000AE403 /* hideSections.js in Resources */ = {isa = PBXBuildFile; fileRef = 841CFC6122544756000AE403 /* hideSections.js */; };
		84914A24222631B900DF9DDA /* PageViewController.swift in Sources */ = {isa = PBXBuildFile; fileRef = 84914A23222631B900DF9DDA /* PageViewController.swift */; };
		84914A2622401D9A00DF9DDA /* DonationViewController.swift in Sources */ = {isa = PBXBuildFile; fileRef = 84914A2522401D9A00DF9DDA /* DonationViewController.swift */; };
		95A8C878BBDCFE5E4B89BB52 /* Pods_CharityApp.framework in Frameworks */ = {isa = PBXBuildFile; fileRef = C026E26A5526514E55535AAB /* Pods_CharityApp.framework */; };
		C49B4D962225EA520039D524 /* Events_ViewController.swift in Sources */ = {isa = PBXBuildFile; fileRef = C49B4D952225EA520039D524 /* Events_ViewController.swift */; };
		C4C51053222D977600A3AFCE /* SpecEvent_ViewController.swift in Sources */ = {isa = PBXBuildFile; fileRef = C4C51052222D977600A3AFCE /* SpecEvent_ViewController.swift */; };
/* End PBXBuildFile section */

/* Begin PBXFileReference section */
		0B776D81959FBD47FFB766CB /* Pods-CharityApp.debug.xcconfig */ = {isa = PBXFileReference; includeInIndex = 1; lastKnownFileType = text.xcconfig; name = "Pods-CharityApp.debug.xcconfig"; path = "Target Support Files/Pods-CharityApp/Pods-CharityApp.debug.xcconfig"; sourceTree = "<group>"; };
		1412BAC96C924A90D45400EA /* Pods-CharityApp.release.xcconfig */ = {isa = PBXFileReference; includeInIndex = 1; lastKnownFileType = text.xcconfig; name = "Pods-CharityApp.release.xcconfig"; path = "Target Support Files/Pods-CharityApp/Pods-CharityApp.release.xcconfig"; sourceTree = "<group>"; };
		32BAF93C2225DA7800A947BD /* CharityApp.app */ = {isa = PBXFileReference; explicitFileType = wrapper.application; includeInIndex = 0; path = CharityApp.app; sourceTree = BUILT_PRODUCTS_DIR; };
		32BAF93F2225DA7800A947BD /* AppDelegate.swift */ = {isa = PBXFileReference; lastKnownFileType = sourcecode.swift; path = AppDelegate.swift; sourceTree = "<group>"; };
		32BAF9412225DA7800A947BD /* ViewController.swift */ = {isa = PBXFileReference; lastKnownFileType = sourcecode.swift; path = ViewController.swift; sourceTree = "<group>"; };
		32BAF9442225DA7800A947BD /* Base */ = {isa = PBXFileReference; lastKnownFileType = file.storyboard; name = Base; path = Base.lproj/Main.storyboard; sourceTree = "<group>"; };
		32BAF9462225DA7900A947BD /* Assets.xcassets */ = {isa = PBXFileReference; lastKnownFileType = folder.assetcatalog; path = Assets.xcassets; sourceTree = "<group>"; };
		32BAF9492225DA7900A947BD /* Base */ = {isa = PBXFileReference; lastKnownFileType = file.storyboard; name = Base; path = Base.lproj/LaunchScreen.storyboard; sourceTree = "<group>"; };
		32BAF94B2225DA7900A947BD /* Info.plist */ = {isa = PBXFileReference; lastKnownFileType = text.plist.xml; path = Info.plist; sourceTree = "<group>"; };
		841CFC6122544756000AE403 /* hideSections.js */ = {isa = PBXFileReference; fileEncoding = 4; lastKnownFileType = sourcecode.javascript; path = hideSections.js; sourceTree = "<group>"; };
		84914A23222631B900DF9DDA /* PageViewController.swift */ = {isa = PBXFileReference; lastKnownFileType = sourcecode.swift; path = PageViewController.swift; sourceTree = "<group>"; };
		84914A2522401D9A00DF9DDA /* DonationViewController.swift */ = {isa = PBXFileReference; lastKnownFileType = sourcecode.swift; path = DonationViewController.swift; sourceTree = "<group>"; };
		C026E26A5526514E55535AAB /* Pods_CharityApp.framework */ = {isa = PBXFileReference; explicitFileType = wrapper.framework; includeInIndex = 0; path = Pods_CharityApp.framework; sourceTree = BUILT_PRODUCTS_DIR; };
		C49B4D952225EA520039D524 /* Events_ViewController.swift */ = {isa = PBXFileReference; lastKnownFileType = sourcecode.swift; path = Events_ViewController.swift; sourceTree = "<group>"; };
		C4C51052222D977600A3AFCE /* SpecEvent_ViewController.swift */ = {isa = PBXFileReference; lastKnownFileType = sourcecode.swift; path = SpecEvent_ViewController.swift; sourceTree = "<group>"; };
/* End PBXFileReference section */

/* Begin PBXFrameworksBuildPhase section */
		32BAF9392225DA7800A947BD /* Frameworks */ = {
			isa = PBXFrameworksBuildPhase;
			buildActionMask = 2147483647;
			files = (
				95A8C878BBDCFE5E4B89BB52 /* Pods_CharityApp.framework in Frameworks */,
			);
			runOnlyForDeploymentPostprocessing = 0;
		};
/* End PBXFrameworksBuildPhase section */

/* Begin PBXGroup section */
		32BAF9332225DA7800A947BD = {
			isa = PBXGroup;
			children = (
				32BAF93E2225DA7800A947BD /* CharityApp */,
				32BAF93D2225DA7800A947BD /* Products */,
				E1F16690B10379B5AF94EFAB /* Pods */,
				D3F693111A4ADA911DFFE759 /* Frameworks */,
			);
			sourceTree = "<group>";
		};
		32BAF93D2225DA7800A947BD /* Products */ = {
			isa = PBXGroup;
			children = (
				32BAF93C2225DA7800A947BD /* CharityApp.app */,
			);
			name = Products;
			sourceTree = "<group>";
		};
		32BAF93E2225DA7800A947BD /* CharityApp */ = {
			isa = PBXGroup;
			children = (
				C49B4D952225EA520039D524 /* Events_ViewController.swift */,
				32BAF93F2225DA7800A947BD /* AppDelegate.swift */,
				841CFC6122544756000AE403 /* hideSections.js */,
				C4C51052222D977600A3AFCE /* SpecEvent_ViewController.swift */,
				84914A2522401D9A00DF9DDA /* DonationViewController.swift */,
				32BAF9412225DA7800A947BD /* ViewController.swift */,
				32BAF9432225DA7800A947BD /* Main.storyboard */,
				84914A23222631B900DF9DDA /* PageViewController.swift */,
				32BAF9462225DA7900A947BD /* Assets.xcassets */,
				32BAF9482225DA7900A947BD /* LaunchScreen.storyboard */,
				32BAF94B2225DA7900A947BD /* Info.plist */,
			);
			path = CharityApp;
			sourceTree = "<group>";
		};
		D3F693111A4ADA911DFFE759 /* Frameworks */ = {
			isa = PBXGroup;
			children = (
				C026E26A5526514E55535AAB /* Pods_CharityApp.framework */,
			);
			name = Frameworks;
			sourceTree = "<group>";
		};
		E1F16690B10379B5AF94EFAB /* Pods */ = {
			isa = PBXGroup;
			children = (
				0B776D81959FBD47FFB766CB /* Pods-CharityApp.debug.xcconfig */,
				1412BAC96C924A90D45400EA /* Pods-CharityApp.release.xcconfig */,
			);
			path = Pods;
			sourceTree = "<group>";
		};
/* End PBXGroup section */

/* Begin PBXNativeTarget section */
		32BAF93B2225DA7800A947BD /* CharityApp */ = {
			isa = PBXNativeTarget;
			buildConfigurationList = 32BAF94E2225DA7900A947BD /* Build configuration list for PBXNativeTarget "CharityApp" */;
			buildPhases = (
				B3CB0C0BF7638889C5328B66 /* [CP] Check Pods Manifest.lock */,
				32BAF9382225DA7800A947BD /* Sources */,
				32BAF9392225DA7800A947BD /* Frameworks */,
				32BAF93A2225DA7800A947BD /* Resources */,
				917043246EDD2E17E0FAF3F9 /* [CP] Embed Pods Frameworks */,
			);
			buildRules = (
			);
			dependencies = (
			);
			name = CharityApp;
			productName = CharityApp;
			productReference = 32BAF93C2225DA7800A947BD /* CharityApp.app */;
			productType = "com.apple.product-type.application";
		};
/* End PBXNativeTarget section */

/* Begin PBXProject section */
		32BAF9342225DA7800A947BD /* Project object */ = {
			isa = PBXProject;
			attributes = {
				LastSwiftUpdateCheck = 1010;
				LastUpgradeCheck = 1010;
				ORGANIZATIONNAME = "King,Sierra M";
				TargetAttributes = {
					32BAF93B2225DA7800A947BD = {
						CreatedOnToolsVersion = 10.1;
					};
				};
			};
			buildConfigurationList = 32BAF9372225DA7800A947BD /* Build configuration list for PBXProject "CharityApp" */;
			compatibilityVersion = "Xcode 9.3";
			developmentRegion = en;
			hasScannedForEncodings = 0;
			knownRegions = (
				en,
				Base,
			);
			mainGroup = 32BAF9332225DA7800A947BD;
			productRefGroup = 32BAF93D2225DA7800A947BD /* Products */;
			projectDirPath = "";
			projectRoot = "";
			targets = (
				32BAF93B2225DA7800A947BD /* CharityApp */,
			);
		};
/* End PBXProject section */

/* Begin PBXResourcesBuildPhase section */
		32BAF93A2225DA7800A947BD /* Resources */ = {
			isa = PBXResourcesBuildPhase;
			buildActionMask = 2147483647;
			files = (
				841CFC6222544756000AE403 /* hideSections.js in Resources */,
				32BAF94A2225DA7900A947BD /* LaunchScreen.storyboard in Resources */,
				32BAF9472225DA7900A947BD /* Assets.xcassets in Resources */,
				32BAF9452225DA7800A947BD /* Main.storyboard in Resources */,
			);
			runOnlyForDeploymentPostprocessing = 0;
		};
/* End PBXResourcesBuildPhase section */

/* Begin PBXShellScriptBuildPhase section */
		917043246EDD2E17E0FAF3F9 /* [CP] Embed Pods Frameworks */ = {
			isa = PBXShellScriptBuildPhase;
			buildActionMask = 2147483647;
			files = (
			);
			inputFileListPaths = (
			);
			inputPaths = (
				"${PODS_ROOT}/Target Support Files/Pods-CharityApp/Pods-CharityApp-frameworks.sh",
				"${BUILT_PRODUCTS_DIR}/SwiftSoup/SwiftSoup.framework",
			);
			name = "[CP] Embed Pods Frameworks";
			outputFileListPaths = (
			);
			outputPaths = (
				"${TARGET_BUILD_DIR}/${FRAMEWORKS_FOLDER_PATH}/SwiftSoup.framework",
			);
			runOnlyForDeploymentPostprocessing = 0;
			shellPath = /bin/sh;
			shellScript = "\"${PODS_ROOT}/Target Support Files/Pods-CharityApp/Pods-CharityApp-frameworks.sh\"\n";
			showEnvVarsInLog = 0;
		};
		B3CB0C0BF7638889C5328B66 /* [CP] Check Pods Manifest.lock */ = {
			isa = PBXShellScriptBuildPhase;
			buildActionMask = 2147483647;
			files = (
			);
			inputFileListPaths = (
			);
			inputPaths = (
				"${PODS_PODFILE_DIR_PATH}/Podfile.lock",
				"${PODS_ROOT}/Manifest.lock",
			);
			name = "[CP] Check Pods Manifest.lock";
			outputFileListPaths = (
			);
			outputPaths = (
				"$(DERIVED_FILE_DIR)/Pods-CharityApp-checkManifestLockResult.txt",
			);
			runOnlyForDeploymentPostprocessing = 0;
			shellPath = /bin/sh;
			shellScript = "diff \"${PODS_PODFILE_DIR_PATH}/Podfile.lock\" \"${PODS_ROOT}/Manifest.lock\" > /dev/null\nif [ $? != 0 ] ; then\n    # print error to STDERR\n    echo \"error: The sandbox is not in sync with the Podfile.lock. Run 'pod install' or update your CocoaPods installation.\" >&2\n    exit 1\nfi\n# This output is used by Xcode 'outputs' to avoid re-running this script phase.\necho \"SUCCESS\" > \"${SCRIPT_OUTPUT_FILE_0}\"\n";
			showEnvVarsInLog = 0;
		};
/* End PBXShellScriptBuildPhase section */

/* Begin PBXSourcesBuildPhase section */
		32BAF9382225DA7800A947BD /* Sources */ = {
			isa = PBXSourcesBuildPhase;
			buildActionMask = 2147483647;
			files = (
				84914A2622401D9A00DF9DDA /* DonationViewController.swift in Sources */,
				32BAF9422225DA7800A947BD /* ViewController.swift in Sources */,
				32BAF9402225DA7800A947BD /* AppDelegate.swift in Sources */,
				C49B4D962225EA520039D524 /* Events_ViewController.swift in Sources */,
				C4C51053222D977600A3AFCE /* SpecEvent_ViewController.swift in Sources */,
				84914A24222631B900DF9DDA /* PageViewController.swift in Sources */,
			);
			runOnlyForDeploymentPostprocessing = 0;
		};
/* End PBXSourcesBuildPhase section */

/* Begin PBXVariantGroup section */
		32BAF9432225DA7800A947BD /* Main.storyboard */ = {
			isa = PBXVariantGroup;
			children = (
				32BAF9442225DA7800A947BD /* Base */,
			);
			name = Main.storyboard;
			sourceTree = "<group>";
		};
		32BAF9482225DA7900A947BD /* LaunchScreen.storyboard */ = {
			isa = PBXVariantGroup;
			children = (
				32BAF9492225DA7900A947BD /* Base */,
			);
			name = LaunchScreen.storyboard;
			sourceTree = "<group>";
		};
/* End PBXVariantGroup section */

/* Begin XCBuildConfiguration section */
		32BAF94C2225DA7900A947BD /* Debug */ = {
			isa = XCBuildConfiguration;
			buildSettings = {
				ALWAYS_SEARCH_USER_PATHS = NO;
				CLANG_ANALYZER_NONNULL = YES;
				CLANG_ANALYZER_NUMBER_OBJECT_CONVERSION = YES_AGGRESSIVE;
				CLANG_CXX_LANGUAGE_STANDARD = "gnu++14";
				CLANG_CXX_LIBRARY = "libc++";
				CLANG_ENABLE_MODULES = YES;
				CLANG_ENABLE_OBJC_ARC = YES;
				CLANG_ENABLE_OBJC_WEAK = YES;
				CLANG_WARN_BLOCK_CAPTURE_AUTORELEASING = YES;
				CLANG_WARN_BOOL_CONVERSION = YES;
				CLANG_WARN_COMMA = YES;
				CLANG_WARN_CONSTANT_CONVERSION = YES;
				CLANG_WARN_DEPRECATED_OBJC_IMPLEMENTATIONS = YES;
				CLANG_WARN_DIRECT_OBJC_ISA_USAGE = YES_ERROR;
				CLANG_WARN_DOCUMENTATION_COMMENTS = YES;
				CLANG_WARN_EMPTY_BODY = YES;
				CLANG_WARN_ENUM_CONVERSION = YES;
				CLANG_WARN_INFINITE_RECURSION = YES;
				CLANG_WARN_INT_CONVERSION = YES;
				CLANG_WARN_NON_LITERAL_NULL_CONVERSION = YES;
				CLANG_WARN_OBJC_IMPLICIT_RETAIN_SELF = YES;
				CLANG_WARN_OBJC_LITERAL_CONVERSION = YES;
				CLANG_WARN_OBJC_ROOT_CLASS = YES_ERROR;
				CLANG_WARN_RANGE_LOOP_ANALYSIS = YES;
				CLANG_WARN_STRICT_PROTOTYPES = YES;
				CLANG_WARN_SUSPICIOUS_MOVE = YES;
				CLANG_WARN_UNGUARDED_AVAILABILITY = YES_AGGRESSIVE;
				CLANG_WARN_UNREACHABLE_CODE = YES;
				CLANG_WARN__DUPLICATE_METHOD_MATCH = YES;
				CODE_SIGN_IDENTITY = "iPhone Developer";
				COPY_PHASE_STRIP = NO;
				DEBUG_INFORMATION_FORMAT = dwarf;
				ENABLE_STRICT_OBJC_MSGSEND = YES;
				ENABLE_TESTABILITY = YES;
				GCC_C_LANGUAGE_STANDARD = gnu11;
				GCC_DYNAMIC_NO_PIC = NO;
				GCC_NO_COMMON_BLOCKS = YES;
				GCC_OPTIMIZATION_LEVEL = 0;
				GCC_PREPROCESSOR_DEFINITIONS = (
					"DEBUG=1",
					"$(inherited)",
				);
				GCC_WARN_64_TO_32_BIT_CONVERSION = YES;
				GCC_WARN_ABOUT_RETURN_TYPE = YES_ERROR;
				GCC_WARN_UNDECLARED_SELECTOR = YES;
				GCC_WARN_UNINITIALIZED_AUTOS = YES_AGGRESSIVE;
				GCC_WARN_UNUSED_FUNCTION = YES;
				GCC_WARN_UNUSED_VARIABLE = YES;
				IPHONEOS_DEPLOYMENT_TARGET = 12.1;
				MTL_ENABLE_DEBUG_INFO = INCLUDE_SOURCE;
				MTL_FAST_MATH = YES;
				ONLY_ACTIVE_ARCH = YES;
				SDKROOT = iphoneos;
				SWIFT_ACTIVE_COMPILATION_CONDITIONS = DEBUG;
				SWIFT_OPTIMIZATION_LEVEL = "-Onone";
			};
			name = Debug;
		};
		32BAF94D2225DA7900A947BD /* Release */ = {
			isa = XCBuildConfiguration;
			buildSettings = {
				ALWAYS_SEARCH_USER_PATHS = NO;
				CLANG_ANALYZER_NONNULL = YES;
				CLANG_ANALYZER_NUMBER_OBJECT_CONVERSION = YES_AGGRESSIVE;
				CLANG_CXX_LANGUAGE_STANDARD = "gnu++14";
				CLANG_CXX_LIBRARY = "libc++";
				CLANG_ENABLE_MODULES = YES;
				CLANG_ENABLE_OBJC_ARC = YES;
				CLANG_ENABLE_OBJC_WEAK = YES;
				CLANG_WARN_BLOCK_CAPTURE_AUTORELEASING = YES;
				CLANG_WARN_BOOL_CONVERSION = YES;
				CLANG_WARN_COMMA = YES;
				CLANG_WARN_CONSTANT_CONVERSION = YES;
				CLANG_WARN_DEPRECATED_OBJC_IMPLEMENTATIONS = YES;
				CLANG_WARN_DIRECT_OBJC_ISA_USAGE = YES_ERROR;
				CLANG_WARN_DOCUMENTATION_COMMENTS = YES;
				CLANG_WARN_EMPTY_BODY = YES;
				CLANG_WARN_ENUM_CONVERSION = YES;
				CLANG_WARN_INFINITE_RECURSION = YES;
				CLANG_WARN_INT_CONVERSION = YES;
				CLANG_WARN_NON_LITERAL_NULL_CONVERSION = YES;
				CLANG_WARN_OBJC_IMPLICIT_RETAIN_SELF = YES;
				CLANG_WARN_OBJC_LITERAL_CONVERSION = YES;
				CLANG_WARN_OBJC_ROOT_CLASS = YES_ERROR;
				CLANG_WARN_RANGE_LOOP_ANALYSIS = YES;
				CLANG_WARN_STRICT_PROTOTYPES = YES;
				CLANG_WARN_SUSPICIOUS_MOVE = YES;
				CLANG_WARN_UNGUARDED_AVAILABILITY = YES_AGGRESSIVE;
				CLANG_WARN_UNREACHABLE_CODE = YES;
				CLANG_WARN__DUPLICATE_METHOD_MATCH = YES;
				CODE_SIGN_IDENTITY = "iPhone Developer";
				COPY_PHASE_STRIP = NO;
				DEBUG_INFORMATION_FORMAT = "dwarf-with-dsym";
				ENABLE_NS_ASSERTIONS = NO;
				ENABLE_STRICT_OBJC_MSGSEND = YES;
				GCC_C_LANGUAGE_STANDARD = gnu11;
				GCC_NO_COMMON_BLOCKS = YES;
				GCC_WARN_64_TO_32_BIT_CONVERSION = YES;
				GCC_WARN_ABOUT_RETURN_TYPE = YES_ERROR;
				GCC_WARN_UNDECLARED_SELECTOR = YES;
				GCC_WARN_UNINITIALIZED_AUTOS = YES_AGGRESSIVE;
				GCC_WARN_UNUSED_FUNCTION = YES;
				GCC_WARN_UNUSED_VARIABLE = YES;
				IPHONEOS_DEPLOYMENT_TARGET = 12.1;
				MTL_ENABLE_DEBUG_INFO = NO;
				MTL_FAST_MATH = YES;
				SDKROOT = iphoneos;
				SWIFT_COMPILATION_MODE = wholemodule;
				SWIFT_OPTIMIZATION_LEVEL = "-O";
				VALIDATE_PRODUCT = YES;
			};
			name = Release;
		};
		32BAF94F2225DA7900A947BD /* Debug */ = {
			isa = XCBuildConfiguration;
			baseConfigurationReference = 0B776D81959FBD47FFB766CB /* Pods-CharityApp.debug.xcconfig */;
			buildSettings = {
				ASSETCATALOG_COMPILER_APPICON_NAME = AppIcon;
				CODE_SIGN_STYLE = Automatic;
				INFOPLIST_FILE = CharityApp/Info.plist;
				IPHONEOS_DEPLOYMENT_TARGET = 11.4;
				LD_RUNPATH_SEARCH_PATHS = (
					"$(inherited)",
					"@executable_path/Frameworks",
				);
				PRODUCT_BUNDLE_IDENTIFIER = Charity.CharityApp;
				PRODUCT_NAME = "$(TARGET_NAME)";
				SWIFT_VERSION = 4.2;
				TARGETED_DEVICE_FAMILY = "1,2";
			};
			name = Debug;
		};
		32BAF9502225DA7900A947BD /* Release */ = {
			isa = XCBuildConfiguration;
			baseConfigurationReference = 1412BAC96C924A90D45400EA /* Pods-CharityApp.release.xcconfig */;
			buildSettings = {
				ASSETCATALOG_COMPILER_APPICON_NAME = AppIcon;
				CODE_SIGN_STYLE = Automatic;
				INFOPLIST_FILE = CharityApp/Info.plist;
				IPHONEOS_DEPLOYMENT_TARGET = 11.4;
				LD_RUNPATH_SEARCH_PATHS = (
					"$(inherited)",
					"@executable_path/Frameworks",
				);
				PRODUCT_BUNDLE_IDENTIFIER = Charity.CharityApp;
				PRODUCT_NAME = "$(TARGET_NAME)";
				SWIFT_VERSION = 4.2;
				TARGETED_DEVICE_FAMILY = "1,2";
			};
			name = Release;
		};
/* End XCBuildConfiguration section */

/* Begin XCConfigurationList section */
		32BAF9372225DA7800A947BD /* Build configuration list for PBXProject "CharityApp" */ = {
			isa = XCConfigurationList;
			buildConfigurations = (
				32BAF94C2225DA7900A947BD /* Debug */,
				32BAF94D2225DA7900A947BD /* Release */,
			);
			defaultConfigurationIsVisible = 0;
			defaultConfigurationName = Release;
		};
		32BAF94E2225DA7900A947BD /* Build configuration list for PBXNativeTarget "CharityApp" */ = {
			isa = XCConfigurationList;
			buildConfigurations = (
				32BAF94F2225DA7900A947BD /* Debug */,
				32BAF9502225DA7900A947BD /* Release */,
			);
			defaultConfigurationIsVisible = 0;
			defaultConfigurationName = Release;
		};
/* End XCConfigurationList section */
	};
	rootObject = 32BAF9342225DA7800A947BD /* Project object */;
}
